
Microsoft Visual Studio Solution File, Format Version 12.00
# Visual Studio 15
VisualStudioVersion = 15.0.27428.2015
MinimumVisualStudioVersion = 10.0.40219.1
Project("{FAE04EC0-301F-11D3-BF4B-00C04F79EFBC}") = "EpiscanDemoCS", "SimpleDemo\EpiscanDemoCS.csproj", "{118362B7-B006-4679-8290-AA7C0C7309E8}"
EndProject
Project("{FAE04EC0-301F-11D3-BF4B-00C04F79EFBC}") = "StructuredLightUtil", "StructuredLightUtil\StructuredLightUtil.csproj", "{AA94F283-F09B-4A85-9105-A6F809168718}"
EndProject
Project("{FAE04EC0-301F-11D3-BF4B-00C04F79EFBC}") = "DelaySweepDemo", "DelaySweepDemo\DelaySweepDemo.csproj", "{DA796FA8-59BA-4C37-A8D4-39921D63D6D4}"
EndProject
Project("{FAE04EC0-301F-11D3-BF4B-00C04F79EFBC}") = "UserScriptHost", "UserScriptHost\UserScriptHost.csproj", "{F4EAF824-6FDD-4591-BF91-CB38B9B40BC9}"
EndProject
Project("{FAE04EC0-301F-11D3-BF4B-00C04F79EFBC}") = "EpiscanUtil", "EpiscanUtil\EpiscanUtil.csproj", "{AA9B52DE-21C7-42E3-9B54-EB9391935A4F}"
EndProject
Project("{FAE04EC0-301F-11D3-BF4B-00C04F79EFBC}") = "EpiscanScriptDemo", "EpiscanScriptDemo\EpiscanScriptDemo.csproj", "{35CC99B4-BC3B-4AF6-A278-452B77160247}"
EndProject
Project("{FAE04EC0-301F-11D3-BF4B-00C04F79EFBC}") = "HelperCameraUtil", "HelperCamera\HelperCameraUtil.csproj", "{62711C2D-AFC6-4296-A794-86D06711D563}"
EndProject
Global
	GlobalSection(SolutionConfigurationPlatforms) = preSolution
		Debug|Any CPU = Debug|Any CPU
		Debug|x64 = Debug|x64
		Debug|x86 = Debug|x86
		Release|Any CPU = Release|Any CPU
		Release|x64 = Release|x64
		Release|x86 = Release|x86
	EndGlobalSection
	GlobalSection(ProjectConfigurationPlatforms) = postSolution
		{118362B7-B006-4679-8290-AA7C0C7309E8}.Debug|Any CPU.ActiveCfg = Debug|Any CPU
		{118362B7-B006-4679-8290-AA7C0C7309E8}.Debug|x64.ActiveCfg = Debug|Any CPU
		{118362B7-B006-4679-8290-AA7C0C7309E8}.Debug|x64.Build.0 = Debug|Any CPU
		{118362B7-B006-4679-8290-AA7C0C7309E8}.Debug|x86.ActiveCfg = Debug|Any CPU
		{118362B7-B006-4679-8290-AA7C0C7309E8}.Debug|x86.Build.0 = Debug|Any CPU
		{118362B7-B006-4679-8290-AA7C0C7309E8}.Release|Any CPU.ActiveCfg = Release|Any CPU
		{118362B7-B006-4679-8290-AA7C0C7309E8}.Release|Any CPU.Build.0 = Release|Any CPU
		{118362B7-B006-4679-8290-AA7C0C7309E8}.Release|x64.ActiveCfg = Release|Any CPU
		{118362B7-B006-4679-8290-AA7C0C7309E8}.Release|x64.Build.0 = Release|Any CPU
		{118362B7-B006-4679-8290-AA7C0C7309E8}.Release|x86.ActiveCfg = Release|Any CPU
		{118362B7-B006-4679-8290-AA7C0C7309E8}.Release|x86.Build.0 = Release|Any CPU
		{AA94F283-F09B-4A85-9105-A6F809168718}.Debug|Any CPU.ActiveCfg = Debug|Any CPU
		{AA94F283-F09B-4A85-9105-A6F809168718}.Debug|Any CPU.Build.0 = Debug|Any CPU
		{AA94F283-F09B-4A85-9105-A6F809168718}.Debug|x64.ActiveCfg = Debug|Any CPU
		{AA94F283-F09B-4A85-9105-A6F809168718}.Debug|x64.Build.0 = Debug|Any CPU
		{AA94F283-F09B-4A85-9105-A6F809168718}.Debug|x86.ActiveCfg = Debug|Any CPU
		{AA94F283-F09B-4A85-9105-A6F809168718}.Debug|x86.Build.0 = Debug|Any CPU
		{AA94F283-F09B-4A85-9105-A6F809168718}.Release|Any CPU.ActiveCfg = Release|Any CPU
		{AA94F283-F09B-4A85-9105-A6F809168718}.Release|Any CPU.Build.0 = Release|Any CPU
		{AA94F283-F09B-4A85-9105-A6F809168718}.Release|x64.ActiveCfg = Release|Any CPU
		{AA94F283-F09B-4A85-9105-A6F809168718}.Release|x64.Build.0 = Release|Any CPU
		{AA94F283-F09B-4A85-9105-A6F809168718}.Release|x86.ActiveCfg = Release|Any CPU
		{AA94F283-F09B-4A85-9105-A6F809168718}.Release|x86.Build.0 = Release|Any CPU
		{DA796FA8-59BA-4C37-A8D4-39921D63D6D4}.Debug|Any CPU.ActiveCfg = Debug|Any CPU
		{DA796FA8-59BA-4C37-A8D4-39921D63D6D4}.Debug|Any CPU.Build.0 = Debug|Any CPU
		{DA796FA8-59BA-4C37-A8D4-39921D63D6D4}.Debug|x64.ActiveCfg = Debug|Any CPU
		{DA796FA8-59BA-4C37-A8D4-39921D63D6D4}.Debug|x64.Build.0 = Debug|Any CPU
		{DA796FA8-59BA-4C37-A8D4-39921D63D6D4}.Debug|x86.ActiveCfg = Debug|Any CPU
		{DA796FA8-59BA-4C37-A8D4-39921D63D6D4}.Debug|x86.Build.0 = Debug|Any CPU
		{DA796FA8-59BA-4C37-A8D4-39921D63D6D4}.Release|Any CPU.ActiveCfg = Release|Any CPU
		{DA796FA8-59BA-4C37-A8D4-39921D63D6D4}.Release|Any CPU.Build.0 = Release|Any CPU
		{DA796FA8-59BA-4C37-A8D4-39921D63D6D4}.Release|x64.ActiveCfg = Release|Any CPU
		{DA796FA8-59BA-4C37-A8D4-39921D63D6D4}.Release|x64.Build.0 = Release|Any CPU
		{DA796FA8-59BA-4C37-A8D4-39921D63D6D4}.Release|x86.ActiveCfg = Release|Any CPU
		{DA796FA8-59BA-4C37-A8D4-39921D63D6D4}.Release|x86.Build.0 = Release|Any CPU
		{F4EAF824-6FDD-4591-BF91-CB38B9B40BC9}.Debug|Any CPU.ActiveCfg = Debug|Any CPU
		{F4EAF824-6FDD-4591-BF91-CB38B9B40BC9}.Debug|Any CPU.Build.0 = Debug|Any CPU
		{F4EAF824-6FDD-4591-BF91-CB38B9B40BC9}.Debug|x64.ActiveCfg = Debug|Any CPU
		{F4EAF824-6FDD-4591-BF91-CB38B9B40BC9}.Debug|x64.Build.0 = Debug|Any CPU
		{F4EAF824-6FDD-4591-BF91-CB38B9B40BC9}.Debug|x86.ActiveCfg = Debug|Any CPU
		{F4EAF824-6FDD-4591-BF91-CB38B9B40BC9}.Debug|x86.Build.0 = Debug|Any CPU
		{F4EAF824-6FDD-4591-BF91-CB38B9B40BC9}.Release|Any CPU.ActiveCfg = Release|Any CPU
		{F4EAF824-6FDD-4591-BF91-CB38B9B40BC9}.Release|Any CPU.Build.0 = Release|Any CPU
		{F4EAF824-6FDD-4591-BF91-CB38B9B40BC9}.Release|x64.ActiveCfg = Release|Any CPU
		{F4EAF824-6FDD-4591-BF91-CB38B9B40BC9}.Release|x64.Build.0 = Release|Any CPU
		{F4EAF824-6FDD-4591-BF91-CB38B9B40BC9}.Release|x86.ActiveCfg = Release|Any CPU
		{F4EAF824-6FDD-4591-BF91-CB38B9B40BC9}.Release|x86.Build.0 = Release|Any CPU
		{AA9B52DE-21C7-42E3-9B54-EB9391935A4F}.Debug|Any CPU.ActiveCfg = Debug|Any CPU
		{AA9B52DE-21C7-42E3-9B54-EB9391935A4F}.Debug|Any CPU.Build.0 = Debug|Any CPU
		{AA9B52DE-21C7-42E3-9B54-EB9391935A4F}.Debug|x64.ActiveCfg = Debug|Any CPU
		{AA9B52DE-21C7-42E3-9B54-EB9391935A4F}.Debug|x64.Build.0 = Debug|Any CPU
		{AA9B52DE-21C7-42E3-9B54-EB9391935A4F}.Debug|x86.ActiveCfg = Debug|Any CPU
		{AA9B52DE-21C7-42E3-9B54-EB9391935A4F}.Debug|x86.Build.0 = Debug|Any CPU
		{AA9B52DE-21C7-42E3-9B54-EB9391935A4F}.Release|Any CPU.ActiveCfg = Release|Any CPU
		{AA9B52DE-21C7-42E3-9B54-EB9391935A4F}.Release|Any CPU.Build.0 = Release|Any CPU
		{AA9B52DE-21C7-42E3-9B54-EB9391935A4F}.Release|x64.ActiveCfg = Release|Any CPU
		{AA9B52DE-21C7-42E3-9B54-EB9391935A4F}.Release|x64.Build.0 = Release|Any CPU
		{AA9B52DE-21C7-42E3-9B54-EB9391935A4F}.Release|x86.ActiveCfg = Release|Any CPU
		{AA9B52DE-21C7-42E3-9B54-EB9391935A4F}.Release|x86.Build.0 = Release|Any CPU
		{35CC99B4-BC3B-4AF6-A278-452B77160247}.Debug|Any CPU.ActiveCfg = Debug|Any CPU
		{35CC99B4-BC3B-4AF6-A278-452B77160247}.Debug|x64.ActiveCfg = Debug|Any CPU
		{35CC99B4-BC3B-4AF6-A278-452B77160247}.Debug|x64.Build.0 = Debug|Any CPU
		{35CC99B4-BC3B-4AF6-A278-452B77160247}.Debug|x86.ActiveCfg = Debug|Any CPU
		{35CC99B4-BC3B-4AF6-A278-452B77160247}.Debug|x86.Build.0 = Debug|Any CPU
		{35CC99B4-BC3B-4AF6-A278-452B77160247}.Release|Any CPU.ActiveCfg = Release|Any CPU
		{35CC99B4-BC3B-4AF6-A278-452B77160247}.Release|Any CPU.Build.0 = Release|Any CPU
		{35CC99B4-BC3B-4AF6-A278-452B77160247}.Release|x64.ActiveCfg = Release|Any CPU
		{35CC99B4-BC3B-4AF6-A278-452B77160247}.Release|x64.Build.0 = Release|Any CPU
		{35CC99B4-BC3B-4AF6-A278-452B77160247}.Release|x86.ActiveCfg = Release|Any CPU
		{35CC99B4-BC3B-4AF6-A278-452B77160247}.Release|x86.Build.0 = Release|Any CPU
		{62711C2D-AFC6-4296-A794-86D06711D563}.Debug|Any CPU.ActiveCfg = Debug|Any CPU
		{62711C2D-AFC6-4296-A794-86D06711D563}.Debug|Any CPU.Build.0 = Debug|Any CPU
		{62711C2D-AFC6-4296-A794-86D06711D563}.Debug|x64.ActiveCfg = Debug|Any CPU
		{62711C2D-AFC6-4296-A794-86D06711D563}.Debug|x64.Build.0 = Debug|Any CPU
		{62711C2D-AFC6-4296-A794-86D06711D563}.Debug|x86.ActiveCfg = Debug|Any CPU
		{62711C2D-AFC6-4296-A794-86D06711D563}.Debug|x86.Build.0 = Debug|Any CPU
		{62711C2D-AFC6-4296-A794-86D06711D563}.Release|Any CPU.ActiveCfg = Release|Any CPU
		{62711C2D-AFC6-4296-A794-86D06711D563}.Release|Any CPU.Build.0 = Release|Any CPU
		{62711C2D-AFC6-4296-A794-86D06711D563}.Release|x64.ActiveCfg = Release|Any CPU
		{62711C2D-AFC6-4296-A794-86D06711D563}.Release|x64.Build.0 = Release|Any CPU
		{62711C2D-AFC6-4296-A794-86D06711D563}.Release|x86.ActiveCfg = Release|Any CPU
		{62711C2D-AFC6-4296-A794-86D06711D563}.Release|x86.Build.0 = Release|Any CPU
	EndGlobalSection
	GlobalSection(SolutionProperties) = preSolution
		HideSolutionNode = FALSE
	EndGlobalSection
	GlobalSection(ExtensibilityGlobals) = postSolution
		SolutionGuid = {C0060014-F4CA-4C3A-85CE-D6B98BE546A8}
	EndGlobalSection
EndGlobal
